{
  "version": "5",
  "specifiers": {
    "npm:react@19": "19.2.0"
  },
  "npm": {
    "react@19.2.0": {
      "integrity": "sha512-tmbWg6W31tQLeB5cdIBOicJDJRR2KzXsV7uSK9iNfLWQ5bIZfxuPEHp7M8wiHyHnn0DD1i7w3Zmin0FtkrwoCQ=="
    }
  },
  "redirects": {
    "https://esm.sh/camelize@^1.0.0?target=denonext": "https://esm.sh/camelize@1.0.1?target=denonext",
    "https://esm.sh/color-name@^1.1.4?target=denonext": "https://esm.sh/color-name@1.1.4?target=denonext",
    "https://esm.sh/css-background-parser@^0.1.0?target=denonext": "https://esm.sh/css-background-parser@0.1.0?target=denonext",
    "https://esm.sh/css-color-keywords@^1.0.0?target=denonext": "https://esm.sh/css-color-keywords@1.0.0?target=denonext",
    "https://esm.sh/css-to-react-native@^3.0.0?target=denonext": "https://esm.sh/css-to-react-native@3.2.0?target=denonext",
    "https://esm.sh/escape-html@^1.0.3?target=denonext": "https://esm.sh/escape-html@1.0.3?target=denonext",
    "https://esm.sh/hex-rgb@^4.1.0?target=denonext": "https://esm.sh/hex-rgb@4.3.0?target=denonext",
    "https://esm.sh/linebreak@^1.1.0?target=denonext": "https://esm.sh/linebreak@1.1.0?target=denonext",
    "https://esm.sh/parse-css-color@^0.2.1?target=denonext": "https://esm.sh/parse-css-color@0.2.1?target=denonext",
    "https://esm.sh/postcss-value-parser@^4.0.2?target=denonext": "https://esm.sh/postcss-value-parser@4.2.0?target=denonext",
    "https://esm.sh/postcss-value-parser@^4.2.0?target=denonext": "https://esm.sh/postcss-value-parser@4.2.0?target=denonext",
    "https://esm.sh/tiny-inflate@^1.0.0?target=denonext": "https://esm.sh/tiny-inflate@1.0.3?target=denonext",
    "https://esm.sh/unicode-trie@^2.0.0?target=denonext": "https://esm.sh/unicode-trie@2.0.0?target=denonext",
    "https://esm.sh/yoga-wasm-web@^0.3.3/asm?target=denonext": "https://esm.sh/yoga-wasm-web@0.3.3/asm?target=denonext"
  },
  "remote": {
    "https://deno.land/x/resvg_wasm@0.2.0/lib/resvg_wasm.generated.js": "29247e1c473c35f302d8c3741d369e2e999df6b3978cf2c975f701d2fb39c63e",
    "https://deno.land/x/resvg_wasm@0.2.0/mod.ts": "be79306e8e038f6ac8a1151127b7a29d52125e4b4b671bf8c4a248d85c41c7fd",
    "https://esm.sh/@shuding/opentype.js@1.4.0-beta.0/denonext/opentype.mjs": "018430ec9d39bad59482266911124a6ea28188f6b6f0e5bc3be63eb378fd2e9e",
    "https://esm.sh/base64-js@0.0.8/denonext/base64-js.mjs": "c8210e137f5e9247dceb81535ad2e5145e0de3645518546a6b90b59d70ada011",
    "https://esm.sh/camelize@1.0.1/denonext/camelize.mjs": "c452bfdf56eff2485fc036727bf1513ccd998b5bf7b8017528f4c6001804e4a5",
    "https://esm.sh/camelize@1.0.1?target=denonext": "e16d00a4fb85e08deaee10963089b5817fb7171023039f0fe7b0239124fc0eb2",
    "https://esm.sh/color-name@1.1.4/denonext/color-name.mjs": "3b5b10fc0cd9f96d56c81cc7559a2106ff64a401a8100cd33e1f4b68e677c562",
    "https://esm.sh/color-name@1.1.4?target=denonext": "55709266f414e5115ac52d6831ba4951f7c8b9ac663f0f79ddc8ed782b4fb735",
    "https://esm.sh/css-background-parser@0.1.0/denonext/css-background-parser.mjs": "40166a0d2c5ad007f7117098899b734b533962a0b56fe75df01f9fa50ea1e230",
    "https://esm.sh/css-background-parser@0.1.0?target=denonext": "51a9834cd6ece8955d562351954d05e5927af96f1ff1a8323b937a3be01c4c0c",
    "https://esm.sh/css-box-shadow@1.0.0-3/denonext/css-box-shadow.mjs": "2cc6d39ea4de5d510796d35157bce82471702718450823b5bca8b9b31f0763ee",
    "https://esm.sh/css-color-keywords@1.0.0/denonext/css-color-keywords.mjs": "d795d2fc4a7d7fe912a5af38452784fae2acd8de914312dec5bf57e5d4efb499",
    "https://esm.sh/css-color-keywords@1.0.0?target=denonext": "fd7991fb5cf8004537c98242891251be3de36ee18c8a50191fec4d7e287ec5cc",
    "https://esm.sh/css-to-react-native@3.2.0/denonext/css-to-react-native.mjs": "8d63b86fd8cf47889596c9b2a8f97e9f8b4fb9df7b6a01e728476962a59b3c47",
    "https://esm.sh/css-to-react-native@3.2.0?target=denonext": "8a1e9a0a89f453e1be791e1f660af19bfc7e2ef44f3d843a021c9e4d61355fb8",
    "https://esm.sh/escape-html@1.0.3/denonext/escape-html.mjs": "7d528edd50eaa87731b12051002ab2ecdf25c68130c79828204bfc24705c165d",
    "https://esm.sh/escape-html@1.0.3?target=denonext": "2ed5baeaf5ded2428093b5f18efe7073cc65a2403c4885f65f3c1d3345d2ed8b",
    "https://esm.sh/hex-rgb@4.3.0/denonext/hex-rgb.mjs": "9453500c9f73a6e1dca1a64ad3f97e720b6a43792853244aaa7db8e6b99157f1",
    "https://esm.sh/hex-rgb@4.3.0?target=denonext": "5c881c644ae6f0001621d0ea0b3a92e59735b1fb2385d283d02a3a91a0fd9e77",
    "https://esm.sh/linebreak@1.1.0/denonext/linebreak.mjs": "cd27398cd76dd42771ff8a224a637884c7921af06cea71937ed9a77df98ae954",
    "https://esm.sh/linebreak@1.1.0?target=denonext": "3348208f472aeb6c1b66d784463da674fab1d203f92aa7b1f91e38b52ddb3b16",
    "https://esm.sh/parse-css-color@0.2.1/denonext/parse-css-color.mjs": "2c93541e27edc1bdb9835a0e66f14d6e78a675e6a69e69ab2e3555898789c243",
    "https://esm.sh/parse-css-color@0.2.1?target=denonext": "3c18482e51a896207a32b154fe4a44f4cd229631d88d9f5feba6beb763904f84",
    "https://esm.sh/postcss-value-parser@4.2.0/denonext/postcss-value-parser.mjs": "2734c0eb4eb5e6a9905fb179ed2f329a346ac076735dbf0bc889276cbfe952bc",
    "https://esm.sh/postcss-value-parser@4.2.0?target=denonext": "f11ba11f7fe1a5768433011193e133bf80a697154aab65f582bf653305a571d1",
    "https://esm.sh/satori@0.10.13": "466fce1889e84dd813f3822553929ae44bc6020c1b7c448776bfa1bd90126936",
    "https://esm.sh/satori@0.10.13/denonext/satori.mjs": "21e21907bb341d3cbc99a723836028dde246e7d93d862bf6efcc62bb3dd854a8",
    "https://esm.sh/tiny-inflate@1.0.3/denonext/tiny-inflate.mjs": "1b04f32ea95b17d5681d67ae3aaabe5f2eff6c2fc18f0acb6beceb9ef350b14f",
    "https://esm.sh/tiny-inflate@1.0.3?target=denonext": "6a34143de11788c63e5c2af653bd50c3073cbd076ea3692101cbf01a86572725",
    "https://esm.sh/unicode-trie@2.0.0/denonext/unicode-trie.mjs": "d1fac9aba42e42df1de8bd22ebe51d6f81b06e6a4bd9ec608d0e8a3d72b8cbf8",
    "https://esm.sh/unicode-trie@2.0.0?target=denonext": "97efcdc8ab9affa26453c8c981b7a05c1aae6f1ef3dc992ddb69244476caacfa",
    "https://esm.sh/yoga-wasm-web@0.3.3/asm?target=denonext": "4bf203af38720ceb4b8819b5ab7021ea742af638e14b4bfb9a44d3aa0628bb9f",
    "https://esm.sh/yoga-wasm-web@0.3.3/denonext/asm.mjs": "79fe4aa18e5c9c5e28bd17f45dc1bef5c6247b224838d04fe377291101954b0b",
    "https://esm.sh/yoga-wasm-web@0.3.3/denonext/dist/wrapAsm-f766f97f.mjs": "d05bfe075aca55d08d2ecc56f20aa8ced8638b752cdc122e19c46ff8bfb6762e"
  },
  "workspace": {
    "dependencies": [
      "npm:@types/react-dom@19",
      "npm:@types/react@19",
      "npm:react-dom@19",
      "npm:react@19"
    ]
  }
}
